
Microsoft Visual Studio Solution File, Format Version 12.00
# Visual Studio Version 16
VisualStudioVersion = 16.0.31702.278
MinimumVisualStudioVersion = 10.0.40219.1
Project("{FAE04EC0-301F-11D3-BF4B-00C04F79EFBC}") = "Bai2", "Bai2\Bai2.csproj", "{B36202E9-0E06-4C7A-A765-676A0190CFFA}"
EndProject
Global
	GlobalSection(SolutionConfigurationPlatforms) = preSolution
		Debug|Any CPU = Debug|Any CPU
		Release|Any CPU = Release|Any CPU
	EndGlobalSection
	GlobalSection(ProjectConfigurationPlatforms) = postSolution
		{B36202E9-0E06-4C7A-A765-676A0190CFFA}.Debug|Any CPU.ActiveCfg = Debug|Any CPU
		{B36202E9-0E06-4C7A-A765-676A0190CFFA}.Debug|Any CPU.Build.0 = Debug|Any CPU
		{B36202E9-0E06-4C7A-A765-676A0190CFFA}.Release|Any CPU.ActiveCfg = Release|Any CPU
		{B36202E9-0E06-4C7A-A765-676A0190CFFA}.Release|Any CPU.Build.0 = Release|Any CPU
	EndGlobalSection
	GlobalSection(SolutionProperties) = preSolution
		HideSolutionNode = FALSE
	EndGlobalSection
	GlobalSection(ExtensibilityGlobals) = postSolution
		SolutionGuid = {A051D962-ABF4-4715-9BD2-2FB7E106A3CA}
	EndGlobalSection
EndGlobal
